
Microsoft Visual Studio Solution File, Format Version 12.00
# Visual Studio Version 17
VisualStudioVersion = 17.12.35527.113
MinimumVisualStudioVersion = 10.0.40219.1
Project("{FAE04EC0-301F-11D3-BF4B-00C04F79EFBC}") = "Tasheel.PL", "Tasheel.PL\Tasheel.PL.csproj", "{1A0C692C-3F6E-43B7-84E2-6AFC58A6517B}"
EndProject
Project("{FAE04EC0-301F-11D3-BF4B-00C04F79EFBC}") = "Tasheel.DAL", "Tasheel.DAL\Tasheel.DAL.csproj", "{9D73ED7F-E8A2-4039-A744-F8ED338A331D}"
EndProject
Project("{FAE04EC0-301F-11D3-BF4B-00C04F79EFBC}") = "Tasheel.BLL", "Tasheel.BLL\Tasheel.BLL.csproj", "{D899167D-6E94-4500-8164-51458544434E}"
EndProject
Global
	GlobalSection(SolutionConfigurationPlatforms) = preSolution
		Debug|Any CPU = Debug|Any CPU
		Release|Any CPU = Release|Any CPU
	EndGlobalSection
	GlobalSection(ProjectConfigurationPlatforms) = postSolution
		{1A0C692C-3F6E-43B7-84E2-6AFC58A6517B}.Debug|Any CPU.ActiveCfg = Debug|Any CPU
		{1A0C692C-3F6E-43B7-84E2-6AFC58A6517B}.Debug|Any CPU.Build.0 = Debug|Any CPU
		{1A0C692C-3F6E-43B7-84E2-6AFC58A6517B}.Release|Any CPU.ActiveCfg = Release|Any CPU
		{1A0C692C-3F6E-43B7-84E2-6AFC58A6517B}.Release|Any CPU.Build.0 = Release|Any CPU
		{9D73ED7F-E8A2-4039-A744-F8ED338A331D}.Debug|Any CPU.ActiveCfg = Debug|Any CPU
		{9D73ED7F-E8A2-4039-A744-F8ED338A331D}.Debug|Any CPU.Build.0 = Debug|Any CPU
		{9D73ED7F-E8A2-4039-A744-F8ED338A331D}.Release|Any CPU.ActiveCfg = Release|Any CPU
		{9D73ED7F-E8A2-4039-A744-F8ED338A331D}.Release|Any CPU.Build.0 = Release|Any CPU
		{D899167D-6E94-4500-8164-51458544434E}.Debug|Any CPU.ActiveCfg = Debug|Any CPU
		{D899167D-6E94-4500-8164-51458544434E}.Debug|Any CPU.Build.0 = Debug|Any CPU
		{D899167D-6E94-4500-8164-51458544434E}.Release|Any CPU.ActiveCfg = Release|Any CPU
		{D899167D-6E94-4500-8164-51458544434E}.Release|Any CPU.Build.0 = Release|Any CPU
	EndGlobalSection
	GlobalSection(SolutionProperties) = preSolution
		HideSolutionNode = FALSE
	EndGlobalSection
EndGlobal
